PODS:
  - Flutter (1.0.0)
  - shared_preferences_foundation (0.0.1):
    - Flutter
    - FlutterMacOS
  - Stripe (23.22.1):
    - StripeApplePay (= 23.22.1)
    - StripeCore (= 23.22.1)
    - StripePayments (= 23.22.1)
    - StripePaymentsUI (= 23.22.1)
    - StripeUICore (= 23.22.1)
  - stripe_ios (0.0.1):
    - Flutter
    - Stripe (~> 23.22.0)
    - StripeApplePay (~> 23.22.0)
    - StripeFinancialConnections (~> 23.22.0)
    - StripePayments (~> 23.22.0)
    - StripePaymentSheet (~> 23.22.0)
    - StripePaymentsUI (~> 23.22.0)
  - StripeApplePay (23.22.1):
    - StripeCore (= 23.22.1)
  - StripeCore (23.22.1)
  - StripeFinancialConnections (23.22.1):
    - StripeCore (= 23.22.1)
    - StripeUICore (= 23.22.1)
  - StripePayments (23.22.1):
    - StripeCore (= 23.22.1)
    - StripePayments/Stripe3DS2 (= 23.22.1)
  - StripePayments/Stripe3DS2 (23.22.1):
    - StripeCore (= 23.22.1)
  - StripePaymentSheet (23.22.1):
    - StripeApplePay (= 23.22.1)
    - StripeCore (= 23.22.1)
    - StripePayments (= 23.22.1)
    - StripePaymentsUI (= 23.22.1)
  - StripePaymentsUI (23.22.1):
    - StripeCore (= 23.22.1)
    - StripePayments (= 23.22.1)
    - StripeUICore (= 23.22.1)
  - StripeUICore (23.22.1):
    - StripeCore (= 23.22.1)
  - url_launcher_ios (0.0.1):
    - Flutter
  - webview_flutter_wkwebview (0.0.1):
    - Flutter

DEPENDENCIES:
  - Flutter (from `Flutter`)
  - shared_preferences_foundation (from `.symlinks/plugins/shared_preferences_foundation/darwin`)
  - stripe_ios (from `.symlinks/plugins/stripe_ios/ios`)
  - url_launcher_ios (from `.symlinks/plugins/url_launcher_ios/ios`)
  - webview_flutter_wkwebview (from `.symlinks/plugins/webview_flutter_wkwebview/ios`)

SPEC REPOS:
  trunk:
    - Stripe
    - StripeApplePay
    - StripeCore
    - StripeFinancialConnections
    - StripePayments
    - StripePaymentSheet
    - StripePaymentsUI
    - StripeUICore

EXTERNAL SOURCES:
  Flutter:
    :path: Flutter
  shared_preferences_foundation:
    :path: ".symlinks/plugins/shared_preferences_foundation/darwin"
  stripe_ios:
    :path: ".symlinks/plugins/stripe_ios/ios"
  url_launcher_ios:
    :path: ".symlinks/plugins/url_launcher_ios/ios"
  webview_flutter_wkwebview:
    :path: ".symlinks/plugins/webview_flutter_wkwebview/ios"

SPEC CHECKSUMS:
  Flutter: e0871f40cf51350855a761d2e70bf5af5b9b5de7
  shared_preferences_foundation: fcdcbc04712aee1108ac7fda236f363274528f78
  Stripe: b65e9f748f8f51b51e015b0d72f5474dc0708788
  stripe_ios: 433385aa051f8965915d495744946ee5a5d657db
  StripeApplePay: 4a2fef6cd4e1e9b2c0849919fc7b3a9c5c3684b1
  StripeCore: e1f6cd91d1487c0f6b5db81b42aec860420f75c9
  StripeFinancialConnections: d223a44613e6982cedd552c5950edc9b4901c90a
  StripePayments: 76144e9e6b5fee859954238a175f859043562659
  StripePaymentSheet: a25d920bb3bb5e2580696476482dc7df9cb5e4e2
  StripePaymentsUI: 66088abec88754bbdd522ef227dfdbb2265a653e
  StripeUICore: b193c7d35e9cd1b04bc9ed4a6fb8c548fcee83fa
  url_launcher_ios: 5334b05cef931de560670eeae103fd3e431ac3fe
  webview_flutter_wkwebview: be0f0d33777f1bfd0c9fdcb594786704dbf65f36

PODFILE CHECKSUM: 819463e6a0290f5a72f145ba7cde16e8b6ef0796

COCOAPODS: 1.15.2
